
Microsoft Visual Studio Solution File, Format Version 12.00
# Visual Studio 15
VisualStudioVersion = 15.0.26430.13
MinimumVisualStudioVersion = 10.0.40219.1
Project("{8BC9CEB8-8B4A-11D0-8D11-00A0C91BC942}") = "Exercise1", "ProgrammingInC++_DTU_Fall+_2017\ProgrammingInC++_DTU_Fall+_2017.vcxproj", "{C420D2E7-4456-4F1D-8425-4F2EB0486769}"
EndProject
Project("{8BC9CEB8-8B4A-11D0-8D11-00A0C91BC942}") = "Ex2_GaussianSum", "Exercise2\Exercise2.vcxproj", "{1AF99FC3-2185-4F85-A870-452A6862C66C}"
EndProject
Project("{8BC9CEB8-8B4A-11D0-8D11-00A0C91BC942}") = "Ex2_AnotherSum", "Ex2_AnotherSum\Ex2_AnotherSum.vcxproj", "{B8BC8066-365B-4576-9008-68F69F931171}"
EndProject
Project("{8BC9CEB8-8B4A-11D0-8D11-00A0C91BC942}") = "Ex2PiApproximation", "Ex2PiApproximation\Ex2PiApproximation.vcxproj", "{DED2A1EA-E9C6-4E8B-972A-F1E61242FCD4}"
EndProject
Project("{8BC9CEB8-8B4A-11D0-8D11-00A0C91BC942}") = "Ex2PrimeFactorization", "Ex2PrimeFactorization\Ex2PrimeFactorization.vcxproj", "{4BCCB03E-E3DE-4794-A95B-98EECBF78D50}"
EndProject
Project("{8BC9CEB8-8B4A-11D0-8D11-00A0C91BC942}") = "Ex3Maze", "Ex3Maze\Ex3Maze.vcxproj", "{ED7529FB-C495-44F5-906D-79C084DF2340}"
EndProject
Project("{8BC9CEB8-8B4A-11D0-8D11-00A0C91BC942}") = "Ex3Histogram", "Ex3Histogram\Ex3Histogram.vcxproj", "{EE1B8DF1-6B49-4540-9051-E936550316FC}"
EndProject
Project("{8BC9CEB8-8B4A-11D0-8D11-00A0C91BC942}") = "Ex4FunWithBags", "Ex4FunWithBags\Ex4FunWithBags.vcxproj", "{96F05206-DB26-48E9-B04D-11F61D9F533A}"
EndProject
Project("{8BC9CEB8-8B4A-11D0-8D11-00A0C91BC942}") = "Ex4FunWithBags2", "Ex4FunWithBags2\Ex4FunWithBags2.vcxproj", "{A199CD2F-DBA6-439D-9812-1A1741912CC1}"
EndProject
Project("{8BC9CEB8-8B4A-11D0-8D11-00A0C91BC942}") = "Ex4FunWithBags3", "Ex4FunWithBags3\Ex4FunWithBags3.vcxproj", "{1C1E9ADC-0638-431F-B8E6-AC2EBFC80506}"
EndProject
Project("{8BC9CEB8-8B4A-11D0-8D11-00A0C91BC942}") = "Ex5_1", "Ex5_1\Ex5_1.vcxproj", "{9B921B3F-EC93-41E9-8941-E36D8E322088}"
EndProject
Project("{8BC9CEB8-8B4A-11D0-8D11-00A0C91BC942}") = "Ex5_2", "Ex5_2\Ex5_2.vcxproj", "{5CC58E90-F2C8-4C36-96E2-19220204C415}"
EndProject
Project("{8BC9CEB8-8B4A-11D0-8D11-00A0C91BC942}") = "Ex5_3", "Ex5_3\Ex5_3.vcxproj", "{FBD53883-B37B-4760-8946-C07F1B15EF44}"
EndProject
Project("{8BC9CEB8-8B4A-11D0-8D11-00A0C91BC942}") = "Ex_6", "Ex_6\Ex_6.vcxproj", "{A4D9AD2B-6DC1-4FF2-906B-97B172CD9AA8}"
EndProject
Project("{8BC9CEB8-8B4A-11D0-8D11-00A0C91BC942}") = "Ex7_FunWithVectors", "Ex7_FunWithVectors\Ex7_FunWithVectors.vcxproj", "{8FBED95F-0FFF-47A6-B2CB-7185E2D551C7}"
EndProject
Project("{8BC9CEB8-8B4A-11D0-8D11-00A0C91BC942}") = "Ex8_FunWithShapes", "Ex8_FunWithShapes\Ex8_FunWithShapes.vcxproj", "{F665A977-EB10-4D76-8AA5-B26807722552}"
EndProject
Project("{8BC9CEB8-8B4A-11D0-8D11-00A0C91BC942}") = "Ex9_reverse", "Ex9_reverse\Ex9_reverse.vcxproj", "{C541F0E7-EE35-4976-9090-67E8783E016F}"
EndProject
Project("{8BC9CEB8-8B4A-11D0-8D11-00A0C91BC942}") = "Ex9_fibonacci", "Ex9_fibonacci\Ex9_fibonacci.vcxproj", "{03BAC47F-8038-4E53-B3DE-27B363D32286}"
EndProject
Project("{8BC9CEB8-8B4A-11D0-8D11-00A0C91BC942}") = "Ex9_Palindrome", "Ex9_Palindrome\Ex9_Palindrome.vcxproj", "{6534B366-DD99-4FB2-AAEA-BA51D5D3EF29}"
EndProject
Project("{8BC9CEB8-8B4A-11D0-8D11-00A0C91BC942}") = "Ex9_The_Levenshtein_distance", "Ex9_The_Levenshtein_distance\Ex9_The_Levenshtein_distance.vcxproj", "{3F4A5DCA-49F5-4C98-8EED-06EC5D739DEE}"
EndProject
Project("{8BC9CEB8-8B4A-11D0-8D11-00A0C91BC942}") = "Ex10DoublyLinkedLists", "Ex10DoublyLinkedLists\Ex10DoublyLinkedLists.vcxproj", "{395F58E3-336F-41DC-A584-8EB7A8FE7DE8}"
EndProject
Project("{8BC9CEB8-8B4A-11D0-8D11-00A0C91BC942}") = "Ex11_FibonacciTrees", "Ex11_FibonacciTrees\Ex11_FibonacciTrees.vcxproj", "{2C764A41-9326-454F-BB0D-70B7DBF15655}"
EndProject
Project("{8BC9CEB8-8B4A-11D0-8D11-00A0C91BC942}") = "VectorsExample", "VectorsExample\VectorsExample.vcxproj", "{88913236-AD01-42C7-8892-94A248490B76}"
EndProject
Project("{8BC9CEB8-8B4A-11D0-8D11-00A0C91BC942}") = "MapsExample", "MapsExample\MapsExample.vcxproj", "{B9E92380-3C7B-4E13-AA6E-9A40BDC62C49}"
EndProject
Project("{8BC9CEB8-8B4A-11D0-8D11-00A0C91BC942}") = "SetsExample", "SetsExample\SetsExample.vcxproj", "{1AB6F1D4-1671-4B6A-8C85-0062A3CD66A3}"
EndProject
Project("{8BC9CEB8-8B4A-11D0-8D11-00A0C91BC942}") = "ExamExample1_1", "ExamExample1\ExamExample1.vcxproj", "{45BF3ED3-7A9B-45B9-BB74-D0EBA68F28B3}"
EndProject
Project("{8BC9CEB8-8B4A-11D0-8D11-00A0C91BC942}") = "ExamExample1_2", "ExamExample1_2\ExamExample1_2.vcxproj", "{7439DA1F-F7CD-497C-BBA7-F4D503F43D6E}"
EndProject
Project("{8BC9CEB8-8B4A-11D0-8D11-00A0C91BC942}") = "ExamExample1_3", "ExamExample1_3\ExamExample1_3.vcxproj", "{06E16DDD-0841-4EAE-A6AD-DD7567D859EA}"
EndProject
Project("{8BC9CEB8-8B4A-11D0-8D11-00A0C91BC942}") = "ExamExample1_4", "ExamExample1_4\ExamExample1_4.vcxproj", "{90C34558-8EE4-43D3-B4A6-AF172B460443}"
EndProject
Project("{8BC9CEB8-8B4A-11D0-8D11-00A0C91BC942}") = "LinkedListExample", "LinkedListExample\LinkedListExample.vcxproj", "{ABE8D75D-42FC-4046-94B9-C03D407F0A94}"
EndProject
Project("{8BC9CEB8-8B4A-11D0-8D11-00A0C91BC942}") = "ExamExample2_1", "ExamExample2_1\ExamExample2_1.vcxproj", "{B0DE2F55-49C9-4F08-80A1-5F4C76EE81C8}"
EndProject
Project("{8BC9CEB8-8B4A-11D0-8D11-00A0C91BC942}") = "Examexample2_2", "Examexample2_2\Examexample2_2.vcxproj", "{A8C80034-EA70-4AF2-BE3A-12B7B1D67B3E}"
EndProject
Project("{8BC9CEB8-8B4A-11D0-8D11-00A0C91BC942}") = "ExamExample2_3", "ExamExample2_3\ExamExample2_3.vcxproj", "{B7FD303C-B9CB-45C8-BD0F-CEF33906C0D8}"
EndProject
Project("{8BC9CEB8-8B4A-11D0-8D11-00A0C91BC942}") = "ExamExample2_4", "ExamExample2_4\ExamExample2_4.vcxproj", "{489A5D63-C34A-4AD1-B7F2-CDF33FAAA780}"
EndProject
Project("{8BC9CEB8-8B4A-11D0-8D11-00A0C91BC942}") = "MatrixExample", "MatrixExample\MatrixExample.vcxproj", "{90CC9874-E60B-4DFB-BC14-24666A0A497C}"
EndProject
Global
	GlobalSection(SolutionConfigurationPlatforms) = preSolution
		Debug|x64 = Debug|x64
		Debug|x86 = Debug|x86
		Release|x64 = Release|x64
		Release|x86 = Release|x86
	EndGlobalSection
	GlobalSection(ProjectConfigurationPlatforms) = postSolution
		{C420D2E7-4456-4F1D-8425-4F2EB0486769}.Debug|x64.ActiveCfg = Debug|x64
		{C420D2E7-4456-4F1D-8425-4F2EB0486769}.Debug|x64.Build.0 = Debug|x64
		{C420D2E7-4456-4F1D-8425-4F2EB0486769}.Debug|x86.ActiveCfg = Debug|Win32
		{C420D2E7-4456-4F1D-8425-4F2EB0486769}.Debug|x86.Build.0 = Debug|Win32
		{C420D2E7-4456-4F1D-8425-4F2EB0486769}.Release|x64.ActiveCfg = Release|x64
		{C420D2E7-4456-4F1D-8425-4F2EB0486769}.Release|x64.Build.0 = Release|x64
		{C420D2E7-4456-4F1D-8425-4F2EB0486769}.Release|x86.ActiveCfg = Release|Win32
		{C420D2E7-4456-4F1D-8425-4F2EB0486769}.Release|x86.Build.0 = Release|Win32
		{1AF99FC3-2185-4F85-A870-452A6862C66C}.Debug|x64.ActiveCfg = Debug|x64
		{1AF99FC3-2185-4F85-A870-452A6862C66C}.Debug|x64.Build.0 = Debug|x64
		{1AF99FC3-2185-4F85-A870-452A6862C66C}.Debug|x86.ActiveCfg = Debug|Win32
		{1AF99FC3-2185-4F85-A870-452A6862C66C}.Debug|x86.Build.0 = Debug|Win32
		{1AF99FC3-2185-4F85-A870-452A6862C66C}.Release|x64.ActiveCfg = Release|x64
		{1AF99FC3-2185-4F85-A870-452A6862C66C}.Release|x64.Build.0 = Release|x64
		{1AF99FC3-2185-4F85-A870-452A6862C66C}.Release|x86.ActiveCfg = Release|Win32
		{1AF99FC3-2185-4F85-A870-452A6862C66C}.Release|x86.Build.0 = Release|Win32
		{B8BC8066-365B-4576-9008-68F69F931171}.Debug|x64.ActiveCfg = Debug|x64
		{B8BC8066-365B-4576-9008-68F69F931171}.Debug|x64.Build.0 = Debug|x64
		{B8BC8066-365B-4576-9008-68F69F931171}.Debug|x86.ActiveCfg = Debug|Win32
		{B8BC8066-365B-4576-9008-68F69F931171}.Debug|x86.Build.0 = Debug|Win32
		{B8BC8066-365B-4576-9008-68F69F931171}.Release|x64.ActiveCfg = Release|x64
		{B8BC8066-365B-4576-9008-68F69F931171}.Release|x64.Build.0 = Release|x64
		{B8BC8066-365B-4576-9008-68F69F931171}.Release|x86.ActiveCfg = Release|Win32
		{B8BC8066-365B-4576-9008-68F69F931171}.Release|x86.Build.0 = Release|Win32
		{DED2A1EA-E9C6-4E8B-972A-F1E61242FCD4}.Debug|x64.ActiveCfg = Debug|x64
		{DED2A1EA-E9C6-4E8B-972A-F1E61242FCD4}.Debug|x64.Build.0 = Debug|x64
		{DED2A1EA-E9C6-4E8B-972A-F1E61242FCD4}.Debug|x86.ActiveCfg = Debug|Win32
		{DED2A1EA-E9C6-4E8B-972A-F1E61242FCD4}.Debug|x86.Build.0 = Debug|Win32
		{DED2A1EA-E9C6-4E8B-972A-F1E61242FCD4}.Release|x64.ActiveCfg = Release|x64
		{DED2A1EA-E9C6-4E8B-972A-F1E61242FCD4}.Release|x64.Build.0 = Release|x64
		{DED2A1EA-E9C6-4E8B-972A-F1E61242FCD4}.Release|x86.ActiveCfg = Release|Win32
		{DED2A1EA-E9C6-4E8B-972A-F1E61242FCD4}.Release|x86.Build.0 = Release|Win32
		{4BCCB03E-E3DE-4794-A95B-98EECBF78D50}.Debug|x64.ActiveCfg = Debug|x64
		{4BCCB03E-E3DE-4794-A95B-98EECBF78D50}.Debug|x64.Build.0 = Debug|x64
		{4BCCB03E-E3DE-4794-A95B-98EECBF78D50}.Debug|x86.ActiveCfg = Debug|Win32
		{4BCCB03E-E3DE-4794-A95B-98EECBF78D50}.Debug|x86.Build.0 = Debug|Win32
		{4BCCB03E-E3DE-4794-A95B-98EECBF78D50}.Release|x64.ActiveCfg = Release|x64
		{4BCCB03E-E3DE-4794-A95B-98EECBF78D50}.Release|x64.Build.0 = Release|x64
		{4BCCB03E-E3DE-4794-A95B-98EECBF78D50}.Release|x86.ActiveCfg = Release|Win32
		{4BCCB03E-E3DE-4794-A95B-98EECBF78D50}.Release|x86.Build.0 = Release|Win32
		{ED7529FB-C495-44F5-906D-79C084DF2340}.Debug|x64.ActiveCfg = Debug|x64
		{ED7529FB-C495-44F5-906D-79C084DF2340}.Debug|x64.Build.0 = Debug|x64
		{ED7529FB-C495-44F5-906D-79C084DF2340}.Debug|x86.ActiveCfg = Debug|Win32
		{ED7529FB-C495-44F5-906D-79C084DF2340}.Debug|x86.Build.0 = Debug|Win32
		{ED7529FB-C495-44F5-906D-79C084DF2340}.Release|x64.ActiveCfg = Release|x64
		{ED7529FB-C495-44F5-906D-79C084DF2340}.Release|x64.Build.0 = Release|x64
		{ED7529FB-C495-44F5-906D-79C084DF2340}.Release|x86.ActiveCfg = Release|Win32
		{ED7529FB-C495-44F5-906D-79C084DF2340}.Release|x86.Build.0 = Release|Win32
		{EE1B8DF1-6B49-4540-9051-E936550316FC}.Debug|x64.ActiveCfg = Debug|x64
		{EE1B8DF1-6B49-4540-9051-E936550316FC}.Debug|x64.Build.0 = Debug|x64
		{EE1B8DF1-6B49-4540-9051-E936550316FC}.Debug|x86.ActiveCfg = Debug|Win32
		{EE1B8DF1-6B49-4540-9051-E936550316FC}.Debug|x86.Build.0 = Debug|Win32
		{EE1B8DF1-6B49-4540-9051-E936550316FC}.Release|x64.ActiveCfg = Release|x64
		{EE1B8DF1-6B49-4540-9051-E936550316FC}.Release|x64.Build.0 = Release|x64
		{EE1B8DF1-6B49-4540-9051-E936550316FC}.Release|x86.ActiveCfg = Release|Win32
		{EE1B8DF1-6B49-4540-9051-E936550316FC}.Release|x86.Build.0 = Release|Win32
		{96F05206-DB26-48E9-B04D-11F61D9F533A}.Debug|x64.ActiveCfg = Debug|x64
		{96F05206-DB26-48E9-B04D-11F61D9F533A}.Debug|x64.Build.0 = Debug|x64
		{96F05206-DB26-48E9-B04D-11F61D9F533A}.Debug|x86.ActiveCfg = Debug|Win32
		{96F05206-DB26-48E9-B04D-11F61D9F533A}.Debug|x86.Build.0 = Debug|Win32
		{96F05206-DB26-48E9-B04D-11F61D9F533A}.Release|x64.ActiveCfg = Release|x64
		{96F05206-DB26-48E9-B04D-11F61D9F533A}.Release|x64.Build.0 = Release|x64
		{96F05206-DB26-48E9-B04D-11F61D9F533A}.Release|x86.ActiveCfg = Release|Win32
		{96F05206-DB26-48E9-B04D-11F61D9F533A}.Release|x86.Build.0 = Release|Win32
		{A199CD2F-DBA6-439D-9812-1A1741912CC1}.Debug|x64.ActiveCfg = Debug|x64
		{A199CD2F-DBA6-439D-9812-1A1741912CC1}.Debug|x64.Build.0 = Debug|x64
		{A199CD2F-DBA6-439D-9812-1A1741912CC1}.Debug|x86.ActiveCfg = Debug|Win32
		{A199CD2F-DBA6-439D-9812-1A1741912CC1}.Debug|x86.Build.0 = Debug|Win32
		{A199CD2F-DBA6-439D-9812-1A1741912CC1}.Release|x64.ActiveCfg = Release|x64
		{A199CD2F-DBA6-439D-9812-1A1741912CC1}.Release|x64.Build.0 = Release|x64
		{A199CD2F-DBA6-439D-9812-1A1741912CC1}.Release|x86.ActiveCfg = Release|Win32
		{A199CD2F-DBA6-439D-9812-1A1741912CC1}.Release|x86.Build.0 = Release|Win32
		{1C1E9ADC-0638-431F-B8E6-AC2EBFC80506}.Debug|x64.ActiveCfg = Debug|x64
		{1C1E9ADC-0638-431F-B8E6-AC2EBFC80506}.Debug|x64.Build.0 = Debug|x64
		{1C1E9ADC-0638-431F-B8E6-AC2EBFC80506}.Debug|x86.ActiveCfg = Debug|Win32
		{1C1E9ADC-0638-431F-B8E6-AC2EBFC80506}.Debug|x86.Build.0 = Debug|Win32
		{1C1E9ADC-0638-431F-B8E6-AC2EBFC80506}.Release|x64.ActiveCfg = Release|x64
		{1C1E9ADC-0638-431F-B8E6-AC2EBFC80506}.Release|x64.Build.0 = Release|x64
		{1C1E9ADC-0638-431F-B8E6-AC2EBFC80506}.Release|x86.ActiveCfg = Release|Win32
		{1C1E9ADC-0638-431F-B8E6-AC2EBFC80506}.Release|x86.Build.0 = Release|Win32
		{9B921B3F-EC93-41E9-8941-E36D8E322088}.Debug|x64.ActiveCfg = Debug|x64
		{9B921B3F-EC93-41E9-8941-E36D8E322088}.Debug|x64.Build.0 = Debug|x64
		{9B921B3F-EC93-41E9-8941-E36D8E322088}.Debug|x86.ActiveCfg = Debug|Win32
		{9B921B3F-EC93-41E9-8941-E36D8E322088}.Debug|x86.Build.0 = Debug|Win32
		{9B921B3F-EC93-41E9-8941-E36D8E322088}.Release|x64.ActiveCfg = Release|x64
		{9B921B3F-EC93-41E9-8941-E36D8E322088}.Release|x64.Build.0 = Release|x64
		{9B921B3F-EC93-41E9-8941-E36D8E322088}.Release|x86.ActiveCfg = Release|Win32
		{9B921B3F-EC93-41E9-8941-E36D8E322088}.Release|x86.Build.0 = Release|Win32
		{5CC58E90-F2C8-4C36-96E2-19220204C415}.Debug|x64.ActiveCfg = Debug|x64
		{5CC58E90-F2C8-4C36-96E2-19220204C415}.Debug|x64.Build.0 = Debug|x64
		{5CC58E90-F2C8-4C36-96E2-19220204C415}.Debug|x86.ActiveCfg = Debug|Win32
		{5CC58E90-F2C8-4C36-96E2-19220204C415}.Debug|x86.Build.0 = Debug|Win32
		{5CC58E90-F2C8-4C36-96E2-19220204C415}.Release|x64.ActiveCfg = Release|x64
		{5CC58E90-F2C8-4C36-96E2-19220204C415}.Release|x64.Build.0 = Release|x64
		{5CC58E90-F2C8-4C36-96E2-19220204C415}.Release|x86.ActiveCfg = Release|Win32
		{5CC58E90-F2C8-4C36-96E2-19220204C415}.Release|x86.Build.0 = Release|Win32
		{FBD53883-B37B-4760-8946-C07F1B15EF44}.Debug|x64.ActiveCfg = Debug|x64
		{FBD53883-B37B-4760-8946-C07F1B15EF44}.Debug|x64.Build.0 = Debug|x64
		{FBD53883-B37B-4760-8946-C07F1B15EF44}.Debug|x86.ActiveCfg = Debug|Win32
		{FBD53883-B37B-4760-8946-C07F1B15EF44}.Debug|x86.Build.0 = Debug|Win32
		{FBD53883-B37B-4760-8946-C07F1B15EF44}.Release|x64.ActiveCfg = Release|x64
		{FBD53883-B37B-4760-8946-C07F1B15EF44}.Release|x64.Build.0 = Release|x64
		{FBD53883-B37B-4760-8946-C07F1B15EF44}.Release|x86.ActiveCfg = Release|Win32
		{FBD53883-B37B-4760-8946-C07F1B15EF44}.Release|x86.Build.0 = Release|Win32
		{A4D9AD2B-6DC1-4FF2-906B-97B172CD9AA8}.Debug|x64.ActiveCfg = Debug|x64
		{A4D9AD2B-6DC1-4FF2-906B-97B172CD9AA8}.Debug|x64.Build.0 = Debug|x64
		{A4D9AD2B-6DC1-4FF2-906B-97B172CD9AA8}.Debug|x86.ActiveCfg = Debug|Win32
		{A4D9AD2B-6DC1-4FF2-906B-97B172CD9AA8}.Debug|x86.Build.0 = Debug|Win32
		{A4D9AD2B-6DC1-4FF2-906B-97B172CD9AA8}.Release|x64.ActiveCfg = Release|x64
		{A4D9AD2B-6DC1-4FF2-906B-97B172CD9AA8}.Release|x64.Build.0 = Release|x64
		{A4D9AD2B-6DC1-4FF2-906B-97B172CD9AA8}.Release|x86.ActiveCfg = Release|Win32
		{A4D9AD2B-6DC1-4FF2-906B-97B172CD9AA8}.Release|x86.Build.0 = Release|Win32
		{8FBED95F-0FFF-47A6-B2CB-7185E2D551C7}.Debug|x64.ActiveCfg = Debug|x64
		{8FBED95F-0FFF-47A6-B2CB-7185E2D551C7}.Debug|x64.Build.0 = Debug|x64
		{8FBED95F-0FFF-47A6-B2CB-7185E2D551C7}.Debug|x86.ActiveCfg = Debug|Win32
		{8FBED95F-0FFF-47A6-B2CB-7185E2D551C7}.Debug|x86.Build.0 = Debug|Win32
		{8FBED95F-0FFF-47A6-B2CB-7185E2D551C7}.Release|x64.ActiveCfg = Release|x64
		{8FBED95F-0FFF-47A6-B2CB-7185E2D551C7}.Release|x64.Build.0 = Release|x64
		{8FBED95F-0FFF-47A6-B2CB-7185E2D551C7}.Release|x86.ActiveCfg = Release|Win32
		{8FBED95F-0FFF-47A6-B2CB-7185E2D551C7}.Release|x86.Build.0 = Release|Win32
		{F665A977-EB10-4D76-8AA5-B26807722552}.Debug|x64.ActiveCfg = Debug|x64
		{F665A977-EB10-4D76-8AA5-B26807722552}.Debug|x64.Build.0 = Debug|x64
		{F665A977-EB10-4D76-8AA5-B26807722552}.Debug|x86.ActiveCfg = Debug|Win32
		{F665A977-EB10-4D76-8AA5-B26807722552}.Debug|x86.Build.0 = Debug|Win32
		{F665A977-EB10-4D76-8AA5-B26807722552}.Release|x64.ActiveCfg = Release|x64
		{F665A977-EB10-4D76-8AA5-B26807722552}.Release|x64.Build.0 = Release|x64
		{F665A977-EB10-4D76-8AA5-B26807722552}.Release|x86.ActiveCfg = Release|Win32
		{F665A977-EB10-4D76-8AA5-B26807722552}.Release|x86.Build.0 = Release|Win32
		{C541F0E7-EE35-4976-9090-67E8783E016F}.Debug|x64.ActiveCfg = Debug|x64
		{C541F0E7-EE35-4976-9090-67E8783E016F}.Debug|x64.Build.0 = Debug|x64
		{C541F0E7-EE35-4976-9090-67E8783E016F}.Debug|x86.ActiveCfg = Debug|Win32
		{C541F0E7-EE35-4976-9090-67E8783E016F}.Debug|x86.Build.0 = Debug|Win32
		{C541F0E7-EE35-4976-9090-67E8783E016F}.Release|x64.ActiveCfg = Release|x64
		{C541F0E7-EE35-4976-9090-67E8783E016F}.Release|x64.Build.0 = Release|x64
		{C541F0E7-EE35-4976-9090-67E8783E016F}.Release|x86.ActiveCfg = Release|Win32
		{C541F0E7-EE35-4976-9090-67E8783E016F}.Release|x86.Build.0 = Release|Win32
		{03BAC47F-8038-4E53-B3DE-27B363D32286}.Debug|x64.ActiveCfg = Debug|x64
		{03BAC47F-8038-4E53-B3DE-27B363D32286}.Debug|x64.Build.0 = Debug|x64
		{03BAC47F-8038-4E53-B3DE-27B363D32286}.Debug|x86.ActiveCfg = Debug|Win32
		{03BAC47F-8038-4E53-B3DE-27B363D32286}.Debug|x86.Build.0 = Debug|Win32
		{03BAC47F-8038-4E53-B3DE-27B363D32286}.Release|x64.ActiveCfg = Release|x64
		{03BAC47F-8038-4E53-B3DE-27B363D32286}.Release|x64.Build.0 = Release|x64
		{03BAC47F-8038-4E53-B3DE-27B363D32286}.Release|x86.ActiveCfg = Release|Win32
		{03BAC47F-8038-4E53-B3DE-27B363D32286}.Release|x86.Build.0 = Release|Win32
		{6534B366-DD99-4FB2-AAEA-BA51D5D3EF29}.Debug|x64.ActiveCfg = Debug|x64
		{6534B366-DD99-4FB2-AAEA-BA51D5D3EF29}.Debug|x64.Build.0 = Debug|x64
		{6534B366-DD99-4FB2-AAEA-BA51D5D3EF29}.Debug|x86.ActiveCfg = Debug|Win32
		{6534B366-DD99-4FB2-AAEA-BA51D5D3EF29}.Debug|x86.Build.0 = Debug|Win32
		{6534B366-DD99-4FB2-AAEA-BA51D5D3EF29}.Release|x64.ActiveCfg = Release|x64
		{6534B366-DD99-4FB2-AAEA-BA51D5D3EF29}.Release|x64.Build.0 = Release|x64
		{6534B366-DD99-4FB2-AAEA-BA51D5D3EF29}.Release|x86.ActiveCfg = Release|Win32
		{6534B366-DD99-4FB2-AAEA-BA51D5D3EF29}.Release|x86.Build.0 = Release|Win32
		{3F4A5DCA-49F5-4C98-8EED-06EC5D739DEE}.Debug|x64.ActiveCfg = Debug|x64
		{3F4A5DCA-49F5-4C98-8EED-06EC5D739DEE}.Debug|x64.Build.0 = Debug|x64
		{3F4A5DCA-49F5-4C98-8EED-06EC5D739DEE}.Debug|x86.ActiveCfg = Debug|Win32
		{3F4A5DCA-49F5-4C98-8EED-06EC5D739DEE}.Debug|x86.Build.0 = Debug|Win32
		{3F4A5DCA-49F5-4C98-8EED-06EC5D739DEE}.Release|x64.ActiveCfg = Release|x64
		{3F4A5DCA-49F5-4C98-8EED-06EC5D739DEE}.Release|x64.Build.0 = Release|x64
		{3F4A5DCA-49F5-4C98-8EED-06EC5D739DEE}.Release|x86.ActiveCfg = Release|Win32
		{3F4A5DCA-49F5-4C98-8EED-06EC5D739DEE}.Release|x86.Build.0 = Release|Win32
		{395F58E3-336F-41DC-A584-8EB7A8FE7DE8}.Debug|x64.ActiveCfg = Debug|x64
		{395F58E3-336F-41DC-A584-8EB7A8FE7DE8}.Debug|x64.Build.0 = Debug|x64
		{395F58E3-336F-41DC-A584-8EB7A8FE7DE8}.Debug|x86.ActiveCfg = Debug|Win32
		{395F58E3-336F-41DC-A584-8EB7A8FE7DE8}.Debug|x86.Build.0 = Debug|Win32
		{395F58E3-336F-41DC-A584-8EB7A8FE7DE8}.Release|x64.ActiveCfg = Release|x64
		{395F58E3-336F-41DC-A584-8EB7A8FE7DE8}.Release|x64.Build.0 = Release|x64
		{395F58E3-336F-41DC-A584-8EB7A8FE7DE8}.Release|x86.ActiveCfg = Release|Win32
		{395F58E3-336F-41DC-A584-8EB7A8FE7DE8}.Release|x86.Build.0 = Release|Win32
		{2C764A41-9326-454F-BB0D-70B7DBF15655}.Debug|x64.ActiveCfg = Debug|x64
		{2C764A41-9326-454F-BB0D-70B7DBF15655}.Debug|x64.Build.0 = Debug|x64
		{2C764A41-9326-454F-BB0D-70B7DBF15655}.Debug|x86.ActiveCfg = Debug|Win32
		{2C764A41-9326-454F-BB0D-70B7DBF15655}.Debug|x86.Build.0 = Debug|Win32
		{2C764A41-9326-454F-BB0D-70B7DBF15655}.Release|x64.ActiveCfg = Release|x64
		{2C764A41-9326-454F-BB0D-70B7DBF15655}.Release|x64.Build.0 = Release|x64
		{2C764A41-9326-454F-BB0D-70B7DBF15655}.Release|x86.ActiveCfg = Release|Win32
		{2C764A41-9326-454F-BB0D-70B7DBF15655}.Release|x86.Build.0 = Release|Win32
		{88913236-AD01-42C7-8892-94A248490B76}.Debug|x64.ActiveCfg = Debug|x64
		{88913236-AD01-42C7-8892-94A248490B76}.Debug|x64.Build.0 = Debug|x64
		{88913236-AD01-42C7-8892-94A248490B76}.Debug|x86.ActiveCfg = Debug|Win32
		{88913236-AD01-42C7-8892-94A248490B76}.Debug|x86.Build.0 = Debug|Win32
		{88913236-AD01-42C7-8892-94A248490B76}.Release|x64.ActiveCfg = Release|x64
		{88913236-AD01-42C7-8892-94A248490B76}.Release|x64.Build.0 = Release|x64
		{88913236-AD01-42C7-8892-94A248490B76}.Release|x86.ActiveCfg = Release|Win32
		{88913236-AD01-42C7-8892-94A248490B76}.Release|x86.Build.0 = Release|Win32
		{B9E92380-3C7B-4E13-AA6E-9A40BDC62C49}.Debug|x64.ActiveCfg = Debug|x64
		{B9E92380-3C7B-4E13-AA6E-9A40BDC62C49}.Debug|x64.Build.0 = Debug|x64
		{B9E92380-3C7B-4E13-AA6E-9A40BDC62C49}.Debug|x86.ActiveCfg = Debug|Win32
		{B9E92380-3C7B-4E13-AA6E-9A40BDC62C49}.Debug|x86.Build.0 = Debug|Win32
		{B9E92380-3C7B-4E13-AA6E-9A40BDC62C49}.Release|x64.ActiveCfg = Release|x64
		{B9E92380-3C7B-4E13-AA6E-9A40BDC62C49}.Release|x64.Build.0 = Release|x64
		{B9E92380-3C7B-4E13-AA6E-9A40BDC62C49}.Release|x86.ActiveCfg = Release|Win32
		{B9E92380-3C7B-4E13-AA6E-9A40BDC62C49}.Release|x86.Build.0 = Release|Win32
		{1AB6F1D4-1671-4B6A-8C85-0062A3CD66A3}.Debug|x64.ActiveCfg = Debug|x64
		{1AB6F1D4-1671-4B6A-8C85-0062A3CD66A3}.Debug|x64.Build.0 = Debug|x64
		{1AB6F1D4-1671-4B6A-8C85-0062A3CD66A3}.Debug|x86.ActiveCfg = Debug|Win32
		{1AB6F1D4-1671-4B6A-8C85-0062A3CD66A3}.Debug|x86.Build.0 = Debug|Win32
		{1AB6F1D4-1671-4B6A-8C85-0062A3CD66A3}.Release|x64.ActiveCfg = Release|x64
		{1AB6F1D4-1671-4B6A-8C85-0062A3CD66A3}.Release|x64.Build.0 = Release|x64
		{1AB6F1D4-1671-4B6A-8C85-0062A3CD66A3}.Release|x86.ActiveCfg = Release|Win32
		{1AB6F1D4-1671-4B6A-8C85-0062A3CD66A3}.Release|x86.Build.0 = Release|Win32
		{45BF3ED3-7A9B-45B9-BB74-D0EBA68F28B3}.Debug|x64.ActiveCfg = Debug|x64
		{45BF3ED3-7A9B-45B9-BB74-D0EBA68F28B3}.Debug|x64.Build.0 = Debug|x64
		{45BF3ED3-7A9B-45B9-BB74-D0EBA68F28B3}.Debug|x86.ActiveCfg = Debug|Win32
		{45BF3ED3-7A9B-45B9-BB74-D0EBA68F28B3}.Debug|x86.Build.0 = Debug|Win32
		{45BF3ED3-7A9B-45B9-BB74-D0EBA68F28B3}.Release|x64.ActiveCfg = Release|x64
		{45BF3ED3-7A9B-45B9-BB74-D0EBA68F28B3}.Release|x64.Build.0 = Release|x64
		{45BF3ED3-7A9B-45B9-BB74-D0EBA68F28B3}.Release|x86.ActiveCfg = Release|Win32
		{45BF3ED3-7A9B-45B9-BB74-D0EBA68F28B3}.Release|x86.Build.0 = Release|Win32
		{7439DA1F-F7CD-497C-BBA7-F4D503F43D6E}.Debug|x64.ActiveCfg = Debug|x64
		{7439DA1F-F7CD-497C-BBA7-F4D503F43D6E}.Debug|x64.Build.0 = Debug|x64
		{7439DA1F-F7CD-497C-BBA7-F4D503F43D6E}.Debug|x86.ActiveCfg = Debug|Win32
		{7439DA1F-F7CD-497C-BBA7-F4D503F43D6E}.Debug|x86.Build.0 = Debug|Win32
		{7439DA1F-F7CD-497C-BBA7-F4D503F43D6E}.Release|x64.ActiveCfg = Release|x64
		{7439DA1F-F7CD-497C-BBA7-F4D503F43D6E}.Release|x64.Build.0 = Release|x64
		{7439DA1F-F7CD-497C-BBA7-F4D503F43D6E}.Release|x86.ActiveCfg = Release|Win32
		{7439DA1F-F7CD-497C-BBA7-F4D503F43D6E}.Release|x86.Build.0 = Release|Win32
		{06E16DDD-0841-4EAE-A6AD-DD7567D859EA}.Debug|x64.ActiveCfg = Debug|x64
		{06E16DDD-0841-4EAE-A6AD-DD7567D859EA}.Debug|x64.Build.0 = Debug|x64
		{06E16DDD-0841-4EAE-A6AD-DD7567D859EA}.Debug|x86.ActiveCfg = Debug|Win32
		{06E16DDD-0841-4EAE-A6AD-DD7567D859EA}.Debug|x86.Build.0 = Debug|Win32
		{06E16DDD-0841-4EAE-A6AD-DD7567D859EA}.Release|x64.ActiveCfg = Release|x64
		{06E16DDD-0841-4EAE-A6AD-DD7567D859EA}.Release|x64.Build.0 = Release|x64
		{06E16DDD-0841-4EAE-A6AD-DD7567D859EA}.Release|x86.ActiveCfg = Release|Win32
		{06E16DDD-0841-4EAE-A6AD-DD7567D859EA}.Release|x86.Build.0 = Release|Win32
		{90C34558-8EE4-43D3-B4A6-AF172B460443}.Debug|x64.ActiveCfg = Debug|x64
		{90C34558-8EE4-43D3-B4A6-AF172B460443}.Debug|x64.Build.0 = Debug|x64
		{90C34558-8EE4-43D3-B4A6-AF172B460443}.Debug|x86.ActiveCfg = Debug|Win32
		{90C34558-8EE4-43D3-B4A6-AF172B460443}.Debug|x86.Build.0 = Debug|Win32
		{90C34558-8EE4-43D3-B4A6-AF172B460443}.Release|x64.ActiveCfg = Release|x64
		{90C34558-8EE4-43D3-B4A6-AF172B460443}.Release|x64.Build.0 = Release|x64
		{90C34558-8EE4-43D3-B4A6-AF172B460443}.Release|x86.ActiveCfg = Release|Win32
		{90C34558-8EE4-43D3-B4A6-AF172B460443}.Release|x86.Build.0 = Release|Win32
		{ABE8D75D-42FC-4046-94B9-C03D407F0A94}.Debug|x64.ActiveCfg = Debug|x64
		{ABE8D75D-42FC-4046-94B9-C03D407F0A94}.Debug|x64.Build.0 = Debug|x64
		{ABE8D75D-42FC-4046-94B9-C03D407F0A94}.Debug|x86.ActiveCfg = Debug|Win32
		{ABE8D75D-42FC-4046-94B9-C03D407F0A94}.Debug|x86.Build.0 = Debug|Win32
		{ABE8D75D-42FC-4046-94B9-C03D407F0A94}.Release|x64.ActiveCfg = Release|x64
		{ABE8D75D-42FC-4046-94B9-C03D407F0A94}.Release|x64.Build.0 = Release|x64
		{ABE8D75D-42FC-4046-94B9-C03D407F0A94}.Release|x86.ActiveCfg = Release|Win32
		{ABE8D75D-42FC-4046-94B9-C03D407F0A94}.Release|x86.Build.0 = Release|Win32
		{B0DE2F55-49C9-4F08-80A1-5F4C76EE81C8}.Debug|x64.ActiveCfg = Debug|x64
		{B0DE2F55-49C9-4F08-80A1-5F4C76EE81C8}.Debug|x64.Build.0 = Debug|x64
		{B0DE2F55-49C9-4F08-80A1-5F4C76EE81C8}.Debug|x86.ActiveCfg = Debug|Win32
		{B0DE2F55-49C9-4F08-80A1-5F4C76EE81C8}.Debug|x86.Build.0 = Debug|Win32
		{B0DE2F55-49C9-4F08-80A1-5F4C76EE81C8}.Release|x64.ActiveCfg = Release|x64
		{B0DE2F55-49C9-4F08-80A1-5F4C76EE81C8}.Release|x64.Build.0 = Release|x64
		{B0DE2F55-49C9-4F08-80A1-5F4C76EE81C8}.Release|x86.ActiveCfg = Release|Win32
		{B0DE2F55-49C9-4F08-80A1-5F4C76EE81C8}.Release|x86.Build.0 = Release|Win32
		{A8C80034-EA70-4AF2-BE3A-12B7B1D67B3E}.Debug|x64.ActiveCfg = Debug|x64
		{A8C80034-EA70-4AF2-BE3A-12B7B1D67B3E}.Debug|x64.Build.0 = Debug|x64
		{A8C80034-EA70-4AF2-BE3A-12B7B1D67B3E}.Debug|x86.ActiveCfg = Debug|Win32
		{A8C80034-EA70-4AF2-BE3A-12B7B1D67B3E}.Debug|x86.Build.0 = Debug|Win32
		{A8C80034-EA70-4AF2-BE3A-12B7B1D67B3E}.Release|x64.ActiveCfg = Release|x64
		{A8C80034-EA70-4AF2-BE3A-12B7B1D67B3E}.Release|x64.Build.0 = Release|x64
		{A8C80034-EA70-4AF2-BE3A-12B7B1D67B3E}.Release|x86.ActiveCfg = Release|Win32
		{A8C80034-EA70-4AF2-BE3A-12B7B1D67B3E}.Release|x86.Build.0 = Release|Win32
		{B7FD303C-B9CB-45C8-BD0F-CEF33906C0D8}.Debug|x64.ActiveCfg = Debug|x64
		{B7FD303C-B9CB-45C8-BD0F-CEF33906C0D8}.Debug|x64.Build.0 = Debug|x64
		{B7FD303C-B9CB-45C8-BD0F-CEF33906C0D8}.Debug|x86.ActiveCfg = Debug|Win32
		{B7FD303C-B9CB-45C8-BD0F-CEF33906C0D8}.Debug|x86.Build.0 = Debug|Win32
		{B7FD303C-B9CB-45C8-BD0F-CEF33906C0D8}.Release|x64.ActiveCfg = Release|x64
		{B7FD303C-B9CB-45C8-BD0F-CEF33906C0D8}.Release|x64.Build.0 = Release|x64
		{B7FD303C-B9CB-45C8-BD0F-CEF33906C0D8}.Release|x86.ActiveCfg = Release|Win32
		{B7FD303C-B9CB-45C8-BD0F-CEF33906C0D8}.Release|x86.Build.0 = Release|Win32
		{489A5D63-C34A-4AD1-B7F2-CDF33FAAA780}.Debug|x64.ActiveCfg = Debug|x64
		{489A5D63-C34A-4AD1-B7F2-CDF33FAAA780}.Debug|x64.Build.0 = Debug|x64
		{489A5D63-C34A-4AD1-B7F2-CDF33FAAA780}.Debug|x86.ActiveCfg = Debug|Win32
		{489A5D63-C34A-4AD1-B7F2-CDF33FAAA780}.Debug|x86.Build.0 = Debug|Win32
		{489A5D63-C34A-4AD1-B7F2-CDF33FAAA780}.Release|x64.ActiveCfg = Release|x64
		{489A5D63-C34A-4AD1-B7F2-CDF33FAAA780}.Release|x64.Build.0 = Release|x64
		{489A5D63-C34A-4AD1-B7F2-CDF33FAAA780}.Release|x86.ActiveCfg = Release|Win32
		{489A5D63-C34A-4AD1-B7F2-CDF33FAAA780}.Release|x86.Build.0 = Release|Win32
		{90CC9874-E60B-4DFB-BC14-24666A0A497C}.Debug|x64.ActiveCfg = Debug|x64
		{90CC9874-E60B-4DFB-BC14-24666A0A497C}.Debug|x64.Build.0 = Debug|x64
		{90CC9874-E60B-4DFB-BC14-24666A0A497C}.Debug|x86.ActiveCfg = Debug|Win32
		{90CC9874-E60B-4DFB-BC14-24666A0A497C}.Debug|x86.Build.0 = Debug|Win32
		{90CC9874-E60B-4DFB-BC14-24666A0A497C}.Release|x64.ActiveCfg = Release|x64
		{90CC9874-E60B-4DFB-BC14-24666A0A497C}.Release|x64.Build.0 = Release|x64
		{90CC9874-E60B-4DFB-BC14-24666A0A497C}.Release|x86.ActiveCfg = Release|Win32
		{90CC9874-E60B-4DFB-BC14-24666A0A497C}.Release|x86.Build.0 = Release|Win32
	EndGlobalSection
	GlobalSection(SolutionProperties) = preSolution
		HideSolutionNode = FALSE
	EndGlobalSection
EndGlobal
